
Microsoft Visual Studio Solution File, Format Version 12.00
# Visual Studio Version 17
VisualStudioVersion = 17.3.32922.545
MinimumVisualStudioVersion = 10.0.40219.1
Project("{2150E333-8FDC-42A3-9474-1A3956D46DE8}") = "Presentation", "Presentation", "{2188C839-C030-41FC-BB48-9BEC6C46582C}"
	ProjectSection(SolutionItems) = preProject
		YouTubeNotificator.Console\YouTubeNotificator.Console.csproj = YouTubeNotificator.Console\YouTubeNotificator.Console.csproj
	EndProjectSection
EndProject
Project("{2150E333-8FDC-42A3-9474-1A3956D46DE8}") = "Core", "Core", "{659501AF-EC98-404D-91CE-AACC3FFA0797}"
EndProject
Project("{2150E333-8FDC-42A3-9474-1A3956D46DE8}") = "Backend", "Backend", "{55F27A93-4854-4710-AD75-CB50FAFA5345}"
EndProject
Project("{2150E333-8FDC-42A3-9474-1A3956D46DE8}") = "Infrastructure", "Infrastructure", "{D737ED37-6341-4298-A36F-ED4D11B461C4}"
EndProject
Project("{9A19103F-16F7-4668-BE54-9A1E7A4F7556}") = "YouTubeNotificator.Persistence", "YouTubeNotificator.Persistence\YouTubeNotificator.Persistence.csproj", "{E4D871F8-84F7-4913-B262-A790EA8891D9}"
EndProject
Project("{9A19103F-16F7-4668-BE54-9A1E7A4F7556}") = "YouTubeNotificator.Domain", "YouTubeNotificator.Domain\YouTubeNotificator.Domain.csproj", "{7B386006-8D5E-40B8-BE56-1D6DF79CED90}"
EndProject
Project("{2150E333-8FDC-42A3-9474-1A3956D46DE8}") = "Tests", "Tests", "{D2A99BBE-6770-4BD3-8954-B88221611923}"
EndProject
Project("{9A19103F-16F7-4668-BE54-9A1E7A4F7556}") = "YouTubeNotificator.XUnit", "YouTubeNotificator.XUnit\YouTubeNotificator.XUnit.csproj", "{CE5293F0-9E62-48A7-8C27-1E18149D49E4}"
EndProject
Global
	GlobalSection(SolutionConfigurationPlatforms) = preSolution
		Debug|Any CPU = Debug|Any CPU
		Release|Any CPU = Release|Any CPU
	EndGlobalSection
	GlobalSection(ProjectConfigurationPlatforms) = postSolution
		{E4D871F8-84F7-4913-B262-A790EA8891D9}.Debug|Any CPU.ActiveCfg = Debug|Any CPU
		{E4D871F8-84F7-4913-B262-A790EA8891D9}.Debug|Any CPU.Build.0 = Debug|Any CPU
		{E4D871F8-84F7-4913-B262-A790EA8891D9}.Release|Any CPU.ActiveCfg = Release|Any CPU
		{E4D871F8-84F7-4913-B262-A790EA8891D9}.Release|Any CPU.Build.0 = Release|Any CPU
		{7B386006-8D5E-40B8-BE56-1D6DF79CED90}.Debug|Any CPU.ActiveCfg = Debug|Any CPU
		{7B386006-8D5E-40B8-BE56-1D6DF79CED90}.Debug|Any CPU.Build.0 = Debug|Any CPU
		{7B386006-8D5E-40B8-BE56-1D6DF79CED90}.Release|Any CPU.ActiveCfg = Release|Any CPU
		{7B386006-8D5E-40B8-BE56-1D6DF79CED90}.Release|Any CPU.Build.0 = Release|Any CPU
		{CE5293F0-9E62-48A7-8C27-1E18149D49E4}.Debug|Any CPU.ActiveCfg = Debug|Any CPU
		{CE5293F0-9E62-48A7-8C27-1E18149D49E4}.Debug|Any CPU.Build.0 = Debug|Any CPU
		{CE5293F0-9E62-48A7-8C27-1E18149D49E4}.Release|Any CPU.ActiveCfg = Release|Any CPU
		{CE5293F0-9E62-48A7-8C27-1E18149D49E4}.Release|Any CPU.Build.0 = Release|Any CPU
	EndGlobalSection
	GlobalSection(SolutionProperties) = preSolution
		HideSolutionNode = FALSE
	EndGlobalSection
	GlobalSection(NestedProjects) = preSolution
		{2188C839-C030-41FC-BB48-9BEC6C46582C} = {55F27A93-4854-4710-AD75-CB50FAFA5345}
		{659501AF-EC98-404D-91CE-AACC3FFA0797} = {55F27A93-4854-4710-AD75-CB50FAFA5345}
		{D737ED37-6341-4298-A36F-ED4D11B461C4} = {55F27A93-4854-4710-AD75-CB50FAFA5345}
		{E4D871F8-84F7-4913-B262-A790EA8891D9} = {D737ED37-6341-4298-A36F-ED4D11B461C4}
		{7B386006-8D5E-40B8-BE56-1D6DF79CED90} = {659501AF-EC98-404D-91CE-AACC3FFA0797}
		{D2A99BBE-6770-4BD3-8954-B88221611923} = {55F27A93-4854-4710-AD75-CB50FAFA5345}
		{CE5293F0-9E62-48A7-8C27-1E18149D49E4} = {D2A99BBE-6770-4BD3-8954-B88221611923}
	EndGlobalSection
	GlobalSection(ExtensibilityGlobals) = postSolution
		SolutionGuid = {41171B8F-AA1E-4D86-8291-45E1145837A2}
	EndGlobalSection
EndGlobal
